
Microsoft Visual Studio Solution File, Format Version 12.00
# Visual Studio Version 16
VisualStudioVersion = 16.0.33328.57
MinimumVisualStudioVersion = 10.0.40219.1
Project("{FAE04EC0-301F-11D3-BF4B-00C04F79EFBC}") = "ASP_WF_WebBanHoa", "ASP_WF_WebBanHoa\ASP_WF_WebBanHoa.csproj", "{67B6C49D-D03D-4D35-9AED-FC276831FEE7}"
EndProject
Project("{FAE04EC0-301F-11D3-BF4B-00C04F79EFBC}") = "Web_BookStore", "Web_BookStore\Web_BookStore.csproj", "{87F3F5AF-C9C4-4394-BD46-F995F22C90ED}"
EndProject
Global
	GlobalSection(SolutionConfigurationPlatforms) = preSolution
		Debug|Any CPU = Debug|Any CPU
		Release|Any CPU = Release|Any CPU
	EndGlobalSection
	GlobalSection(ProjectConfigurationPlatforms) = postSolution
		{67B6C49D-D03D-4D35-9AED-FC276831FEE7}.Debug|Any CPU.ActiveCfg = Debug|Any CPU
		{67B6C49D-D03D-4D35-9AED-FC276831FEE7}.Debug|Any CPU.Build.0 = Debug|Any CPU
		{67B6C49D-D03D-4D35-9AED-FC276831FEE7}.Release|Any CPU.ActiveCfg = Release|Any CPU
		{67B6C49D-D03D-4D35-9AED-FC276831FEE7}.Release|Any CPU.Build.0 = Release|Any CPU
		{87F3F5AF-C9C4-4394-BD46-F995F22C90ED}.Debug|Any CPU.ActiveCfg = Debug|Any CPU
		{87F3F5AF-C9C4-4394-BD46-F995F22C90ED}.Debug|Any CPU.Build.0 = Debug|Any CPU
		{87F3F5AF-C9C4-4394-BD46-F995F22C90ED}.Release|Any CPU.ActiveCfg = Release|Any CPU
		{87F3F5AF-C9C4-4394-BD46-F995F22C90ED}.Release|Any CPU.Build.0 = Release|Any CPU
	EndGlobalSection
	GlobalSection(SolutionProperties) = preSolution
		HideSolutionNode = FALSE
	EndGlobalSection
	GlobalSection(ExtensibilityGlobals) = postSolution
		SolutionGuid = {CB33B1DC-8B3A-4451-A5D7-1BF297AE105B}
	EndGlobalSection
EndGlobal
